
Microsoft Visual Studio Solution File, Format Version 12.00
# Visual Studio Express 14 for Windows Desktop
VisualStudioVersion = 14.0.23107.0
MinimumVisualStudioVersion = 10.0.40219.1
Project("{FAE04EC0-301F-11D3-BF4B-00C04F79EFBC}") = "CSharpAdvancedTopics", "CSharpAdvancedTopics\CSharpAdvancedTopics.csproj", "{E05E8299-F3AA-478A-A27C-A3F8B7727059}"
EndProject
Project("{FAE04EC0-301F-11D3-BF4B-00C04F79EFBC}") = "1. FibonacciNumbers", "1. FibonacciNumbers\1. FibonacciNumbers.csproj", "{7689CBD9-AD65-4102-8214-296F19A8EF40}"
EndProject
Project("{FAE04EC0-301F-11D3-BF4B-00C04F79EFBC}") = "2. PrimeChecker", "2. PrimeChecker\2. PrimeChecker.csproj", "{1D52B00A-8F60-49C4-8F6D-D50380E4BEF7}"
EndProject
Project("{FAE04EC0-301F-11D3-BF4B-00C04F79EFBC}") = "3. PrimesInGivenRange", "3. PrimesInGivenRange\3. PrimesInGivenRange.csproj", "{06329064-B286-4FA8-9AC8-25414C2F273E}"
EndProject
Project("{FAE04EC0-301F-11D3-BF4B-00C04F79EFBC}") = "4. DifferenceBetweenDates", "4. DifferenceBetweenDates\4. DifferenceBetweenDates.csproj", "{1C7429D2-12E3-4640-89B6-0AB2666C2C27}"
EndProject
Project("{FAE04EC0-301F-11D3-BF4B-00C04F79EFBC}") = "5. SortingNumbers", "5. SortingNumbers\5. SortingNumbers.csproj", "{B8B37814-314D-462C-84C9-DE7DB320566B}"
EndProject
Project("{FAE04EC0-301F-11D3-BF4B-00C04F79EFBC}") = "6. LongestAreaInArray", "6. LongestAreaInArray\6. LongestAreaInArray.csproj", "{1D5F161A-613F-4483-8F04-2AB00EC0C3C6}"
EndProject
Project("{FAE04EC0-301F-11D3-BF4B-00C04F79EFBC}") = "7. MatrixOfPalindromes", "7. MatrixOfPalindromes\7. MatrixOfPalindromes.csproj", "{B2C12886-A8E5-412F-B7AB-72AB9493FAA6}"
EndProject
Project("{FAE04EC0-301F-11D3-BF4B-00C04F79EFBC}") = "8. LongestNonDecreasing", "8. LongestNonDecreasing\8. LongestNonDecreasing.csproj", "{64B5F8E9-051A-4C23-B62B-F3013A450601}"
EndProject
Project("{FAE04EC0-301F-11D3-BF4B-00C04F79EFBC}") = "9. RemoveNames", "9. RemoveNames\9. RemoveNames.csproj", "{BEDB20BB-A436-4EF0-8759-AA3107D94689}"
EndProject
Project("{FAE04EC0-301F-11D3-BF4B-00C04F79EFBC}") = "10. JoinLists", "10. JoinLists\10. JoinLists.csproj", "{FCF72523-B837-46B6-94A1-D8886BDE75A8}"
EndProject
Project("{FAE04EC0-301F-11D3-BF4B-00C04F79EFBC}") = "11. CountOfLetters", "11. CountOfLetters\11. CountOfLetters.csproj", "{D2C0EE3B-90BD-425B-82EF-743A916E2FDF}"
EndProject
Project("{FAE04EC0-301F-11D3-BF4B-00C04F79EFBC}") = "13. AverageLoadTimeCalc", "13. AverageLoadTimeCalc\13. AverageLoadTimeCalc.csproj", "{0DE37EEE-DE3B-4628-9A45-17F821E0A90B}"
EndProject
Project("{FAE04EC0-301F-11D3-BF4B-00C04F79EFBC}") = "12. CountOfNames", "12. CountOfNames\12. CountOfNames.csproj", "{C3D999E0-C14B-4744-BEB7-C0CFE9D71EFE}"
EndProject
Project("{FAE04EC0-301F-11D3-BF4B-00C04F79EFBC}") = "14. LongestWordInText", "14. LongestWordInText\14. LongestWordInText.csproj", "{5766D018-C4BE-441C-A63F-7CBE8659097B}"
EndProject
Project("{FAE04EC0-301F-11D3-BF4B-00C04F79EFBC}") = "15. ExtractURLs", "15. ExtractURLs\15. ExtractURLs.csproj", "{3924B67D-C242-48E1-9892-5E14132DFF86}"
EndProject
Project("{FAE04EC0-301F-11D3-BF4B-00C04F79EFBC}") = "16.  CountingWordInText", "16.  CountingWordInText\16.  CountingWordInText.csproj", "{66B932A0-9C34-4C35-A8BE-7C381F973460}"
EndProject
Project("{FAE04EC0-301F-11D3-BF4B-00C04F79EFBC}") = "17. PerimeterArea", "17. PerimeterArea\17. PerimeterArea.csproj", "{0E183642-920C-4B66-98F8-B62D196C8309}"
EndProject
Project("{FAE04EC0-301F-11D3-BF4B-00C04F79EFBC}") = "18. InsideTheBuilding", "18. InsideTheBuilding\18. InsideTheBuilding.csproj", "{BE6CE35A-027E-4D5E-A803-9FDB9771C4AE}"
EndProject
Project("{FAE04EC0-301F-11D3-BF4B-00C04F79EFBC}") = "19. StudentCables", "19. StudentCables\19. StudentCables.csproj", "{AB031E9F-5AED-440D-88F0-05B6D73D4F18}"
EndProject
Project("{FAE04EC0-301F-11D3-BF4B-00C04F79EFBC}") = "20. ProgrammerDNA", "20. ProgrammerDNA\20. ProgrammerDNA.csproj", "{F7B325BC-9B15-49B1-9433-3107C46807E0}"
EndProject
Project("{FAE04EC0-301F-11D3-BF4B-00C04F79EFBC}") = "21. MagicCarNumbers", "21. MagicCarNumbers\21. MagicCarNumbers.csproj", "{CF1A7B4A-538F-4CB9-9A49-7C57E2C04A74}"
EndProject
Project("{FAE04EC0-301F-11D3-BF4B-00C04F79EFBC}") = "22. BitFlipper", "22. BitFlipper\22. BitFlipper.csproj", "{30188119-8097-4091-BEFB-10EBE259A5FD}"
EndProject
Global
	GlobalSection(SolutionConfigurationPlatforms) = preSolution
		Debug|Any CPU = Debug|Any CPU
		Release|Any CPU = Release|Any CPU
	EndGlobalSection
	GlobalSection(ProjectConfigurationPlatforms) = postSolution
		{E05E8299-F3AA-478A-A27C-A3F8B7727059}.Debug|Any CPU.ActiveCfg = Debug|Any CPU
		{E05E8299-F3AA-478A-A27C-A3F8B7727059}.Debug|Any CPU.Build.0 = Debug|Any CPU
		{E05E8299-F3AA-478A-A27C-A3F8B7727059}.Release|Any CPU.ActiveCfg = Release|Any CPU
		{E05E8299-F3AA-478A-A27C-A3F8B7727059}.Release|Any CPU.Build.0 = Release|Any CPU
		{7689CBD9-AD65-4102-8214-296F19A8EF40}.Debug|Any CPU.ActiveCfg = Debug|Any CPU
		{7689CBD9-AD65-4102-8214-296F19A8EF40}.Debug|Any CPU.Build.0 = Debug|Any CPU
		{7689CBD9-AD65-4102-8214-296F19A8EF40}.Release|Any CPU.ActiveCfg = Release|Any CPU
		{7689CBD9-AD65-4102-8214-296F19A8EF40}.Release|Any CPU.Build.0 = Release|Any CPU
		{1D52B00A-8F60-49C4-8F6D-D50380E4BEF7}.Debug|Any CPU.ActiveCfg = Debug|Any CPU
		{1D52B00A-8F60-49C4-8F6D-D50380E4BEF7}.Debug|Any CPU.Build.0 = Debug|Any CPU
		{1D52B00A-8F60-49C4-8F6D-D50380E4BEF7}.Release|Any CPU.ActiveCfg = Release|Any CPU
		{1D52B00A-8F60-49C4-8F6D-D50380E4BEF7}.Release|Any CPU.Build.0 = Release|Any CPU
		{06329064-B286-4FA8-9AC8-25414C2F273E}.Debug|Any CPU.ActiveCfg = Debug|Any CPU
		{06329064-B286-4FA8-9AC8-25414C2F273E}.Debug|Any CPU.Build.0 = Debug|Any CPU
		{06329064-B286-4FA8-9AC8-25414C2F273E}.Release|Any CPU.ActiveCfg = Release|Any CPU
		{06329064-B286-4FA8-9AC8-25414C2F273E}.Release|Any CPU.Build.0 = Release|Any CPU
		{1C7429D2-12E3-4640-89B6-0AB2666C2C27}.Debug|Any CPU.ActiveCfg = Debug|Any CPU
		{1C7429D2-12E3-4640-89B6-0AB2666C2C27}.Debug|Any CPU.Build.0 = Debug|Any CPU
		{1C7429D2-12E3-4640-89B6-0AB2666C2C27}.Release|Any CPU.ActiveCfg = Release|Any CPU
		{1C7429D2-12E3-4640-89B6-0AB2666C2C27}.Release|Any CPU.Build.0 = Release|Any CPU
		{B8B37814-314D-462C-84C9-DE7DB320566B}.Debug|Any CPU.ActiveCfg = Debug|Any CPU
		{B8B37814-314D-462C-84C9-DE7DB320566B}.Debug|Any CPU.Build.0 = Debug|Any CPU
		{B8B37814-314D-462C-84C9-DE7DB320566B}.Release|Any CPU.ActiveCfg = Release|Any CPU
		{B8B37814-314D-462C-84C9-DE7DB320566B}.Release|Any CPU.Build.0 = Release|Any CPU
		{1D5F161A-613F-4483-8F04-2AB00EC0C3C6}.Debug|Any CPU.ActiveCfg = Debug|Any CPU
		{1D5F161A-613F-4483-8F04-2AB00EC0C3C6}.Debug|Any CPU.Build.0 = Debug|Any CPU
		{1D5F161A-613F-4483-8F04-2AB00EC0C3C6}.Release|Any CPU.ActiveCfg = Release|Any CPU
		{1D5F161A-613F-4483-8F04-2AB00EC0C3C6}.Release|Any CPU.Build.0 = Release|Any CPU
		{B2C12886-A8E5-412F-B7AB-72AB9493FAA6}.Debug|Any CPU.ActiveCfg = Debug|Any CPU
		{B2C12886-A8E5-412F-B7AB-72AB9493FAA6}.Debug|Any CPU.Build.0 = Debug|Any CPU
		{B2C12886-A8E5-412F-B7AB-72AB9493FAA6}.Release|Any CPU.ActiveCfg = Release|Any CPU
		{B2C12886-A8E5-412F-B7AB-72AB9493FAA6}.Release|Any CPU.Build.0 = Release|Any CPU
		{64B5F8E9-051A-4C23-B62B-F3013A450601}.Debug|Any CPU.ActiveCfg = Debug|Any CPU
		{64B5F8E9-051A-4C23-B62B-F3013A450601}.Debug|Any CPU.Build.0 = Debug|Any CPU
		{64B5F8E9-051A-4C23-B62B-F3013A450601}.Release|Any CPU.ActiveCfg = Release|Any CPU
		{64B5F8E9-051A-4C23-B62B-F3013A450601}.Release|Any CPU.Build.0 = Release|Any CPU
		{BEDB20BB-A436-4EF0-8759-AA3107D94689}.Debug|Any CPU.ActiveCfg = Debug|Any CPU
		{BEDB20BB-A436-4EF0-8759-AA3107D94689}.Debug|Any CPU.Build.0 = Debug|Any CPU
		{BEDB20BB-A436-4EF0-8759-AA3107D94689}.Release|Any CPU.ActiveCfg = Release|Any CPU
		{BEDB20BB-A436-4EF0-8759-AA3107D94689}.Release|Any CPU.Build.0 = Release|Any CPU
		{FCF72523-B837-46B6-94A1-D8886BDE75A8}.Debug|Any CPU.ActiveCfg = Debug|Any CPU
		{FCF72523-B837-46B6-94A1-D8886BDE75A8}.Debug|Any CPU.Build.0 = Debug|Any CPU
		{FCF72523-B837-46B6-94A1-D8886BDE75A8}.Release|Any CPU.ActiveCfg = Release|Any CPU
		{FCF72523-B837-46B6-94A1-D8886BDE75A8}.Release|Any CPU.Build.0 = Release|Any CPU
		{D2C0EE3B-90BD-425B-82EF-743A916E2FDF}.Debug|Any CPU.ActiveCfg = Debug|Any CPU
		{D2C0EE3B-90BD-425B-82EF-743A916E2FDF}.Debug|Any CPU.Build.0 = Debug|Any CPU
		{D2C0EE3B-90BD-425B-82EF-743A916E2FDF}.Release|Any CPU.ActiveCfg = Release|Any CPU
		{D2C0EE3B-90BD-425B-82EF-743A916E2FDF}.Release|Any CPU.Build.0 = Release|Any CPU
		{0DE37EEE-DE3B-4628-9A45-17F821E0A90B}.Debug|Any CPU.ActiveCfg = Debug|Any CPU
		{0DE37EEE-DE3B-4628-9A45-17F821E0A90B}.Debug|Any CPU.Build.0 = Debug|Any CPU
		{0DE37EEE-DE3B-4628-9A45-17F821E0A90B}.Release|Any CPU.ActiveCfg = Release|Any CPU
		{0DE37EEE-DE3B-4628-9A45-17F821E0A90B}.Release|Any CPU.Build.0 = Release|Any CPU
		{C3D999E0-C14B-4744-BEB7-C0CFE9D71EFE}.Debug|Any CPU.ActiveCfg = Debug|Any CPU
		{C3D999E0-C14B-4744-BEB7-C0CFE9D71EFE}.Debug|Any CPU.Build.0 = Debug|Any CPU
		{C3D999E0-C14B-4744-BEB7-C0CFE9D71EFE}.Release|Any CPU.ActiveCfg = Release|Any CPU
		{C3D999E0-C14B-4744-BEB7-C0CFE9D71EFE}.Release|Any CPU.Build.0 = Release|Any CPU
		{5766D018-C4BE-441C-A63F-7CBE8659097B}.Debug|Any CPU.ActiveCfg = Debug|Any CPU
		{5766D018-C4BE-441C-A63F-7CBE8659097B}.Debug|Any CPU.Build.0 = Debug|Any CPU
		{5766D018-C4BE-441C-A63F-7CBE8659097B}.Release|Any CPU.ActiveCfg = Release|Any CPU
		{5766D018-C4BE-441C-A63F-7CBE8659097B}.Release|Any CPU.Build.0 = Release|Any CPU
		{3924B67D-C242-48E1-9892-5E14132DFF86}.Debug|Any CPU.ActiveCfg = Debug|Any CPU
		{3924B67D-C242-48E1-9892-5E14132DFF86}.Debug|Any CPU.Build.0 = Debug|Any CPU
		{3924B67D-C242-48E1-9892-5E14132DFF86}.Release|Any CPU.ActiveCfg = Release|Any CPU
		{3924B67D-C242-48E1-9892-5E14132DFF86}.Release|Any CPU.Build.0 = Release|Any CPU
		{66B932A0-9C34-4C35-A8BE-7C381F973460}.Debug|Any CPU.ActiveCfg = Debug|Any CPU
		{66B932A0-9C34-4C35-A8BE-7C381F973460}.Debug|Any CPU.Build.0 = Debug|Any CPU
		{66B932A0-9C34-4C35-A8BE-7C381F973460}.Release|Any CPU.ActiveCfg = Release|Any CPU
		{66B932A0-9C34-4C35-A8BE-7C381F973460}.Release|Any CPU.Build.0 = Release|Any CPU
		{0E183642-920C-4B66-98F8-B62D196C8309}.Debug|Any CPU.ActiveCfg = Debug|Any CPU
		{0E183642-920C-4B66-98F8-B62D196C8309}.Debug|Any CPU.Build.0 = Debug|Any CPU
		{0E183642-920C-4B66-98F8-B62D196C8309}.Release|Any CPU.ActiveCfg = Release|Any CPU
		{0E183642-920C-4B66-98F8-B62D196C8309}.Release|Any CPU.Build.0 = Release|Any CPU
		{BE6CE35A-027E-4D5E-A803-9FDB9771C4AE}.Debug|Any CPU.ActiveCfg = Debug|Any CPU
		{BE6CE35A-027E-4D5E-A803-9FDB9771C4AE}.Debug|Any CPU.Build.0 = Debug|Any CPU
		{BE6CE35A-027E-4D5E-A803-9FDB9771C4AE}.Release|Any CPU.ActiveCfg = Release|Any CPU
		{BE6CE35A-027E-4D5E-A803-9FDB9771C4AE}.Release|Any CPU.Build.0 = Release|Any CPU
		{AB031E9F-5AED-440D-88F0-05B6D73D4F18}.Debug|Any CPU.ActiveCfg = Debug|Any CPU
		{AB031E9F-5AED-440D-88F0-05B6D73D4F18}.Debug|Any CPU.Build.0 = Debug|Any CPU
		{AB031E9F-5AED-440D-88F0-05B6D73D4F18}.Release|Any CPU.ActiveCfg = Release|Any CPU
		{AB031E9F-5AED-440D-88F0-05B6D73D4F18}.Release|Any CPU.Build.0 = Release|Any CPU
		{F7B325BC-9B15-49B1-9433-3107C46807E0}.Debug|Any CPU.ActiveCfg = Debug|Any CPU
		{F7B325BC-9B15-49B1-9433-3107C46807E0}.Debug|Any CPU.Build.0 = Debug|Any CPU
		{F7B325BC-9B15-49B1-9433-3107C46807E0}.Release|Any CPU.ActiveCfg = Release|Any CPU
		{F7B325BC-9B15-49B1-9433-3107C46807E0}.Release|Any CPU.Build.0 = Release|Any CPU
		{CF1A7B4A-538F-4CB9-9A49-7C57E2C04A74}.Debug|Any CPU.ActiveCfg = Debug|Any CPU
		{CF1A7B4A-538F-4CB9-9A49-7C57E2C04A74}.Debug|Any CPU.Build.0 = Debug|Any CPU
		{CF1A7B4A-538F-4CB9-9A49-7C57E2C04A74}.Release|Any CPU.ActiveCfg = Release|Any CPU
		{CF1A7B4A-538F-4CB9-9A49-7C57E2C04A74}.Release|Any CPU.Build.0 = Release|Any CPU
		{30188119-8097-4091-BEFB-10EBE259A5FD}.Debug|Any CPU.ActiveCfg = Debug|Any CPU
		{30188119-8097-4091-BEFB-10EBE259A5FD}.Debug|Any CPU.Build.0 = Debug|Any CPU
		{30188119-8097-4091-BEFB-10EBE259A5FD}.Release|Any CPU.ActiveCfg = Release|Any CPU
		{30188119-8097-4091-BEFB-10EBE259A5FD}.Release|Any CPU.Build.0 = Release|Any CPU
	EndGlobalSection
	GlobalSection(SolutionProperties) = preSolution
		HideSolutionNode = FALSE
	EndGlobalSection
EndGlobal
