
Microsoft Visual Studio Solution File, Format Version 12.00
# Visual Studio Express 14 for Windows Desktop
VisualStudioVersion = 14.0.23107.0
MinimumVisualStudioVersion = 10.0.40219.1
Project("{FAE04EC0-301F-11D3-BF4B-00C04F79EFBC}") = "CompanyInformation", "..\CompanyInformation\CompanyInformation.csproj", "{225A4852-060B-4849-8B9B-D230E9FE36F1}"
EndProject
Project("{FAE04EC0-301F-11D3-BF4B-00C04F79EFBC}") = "CircleProperties", "..\CircleProperties\CircleProperties.csproj", "{C6675B60-E5D2-4385-AB21-252CE62469F5}"
EndProject
Project("{FAE04EC0-301F-11D3-BF4B-00C04F79EFBC}") = "NumberComparer", "..\NumberComparer\NumberComparer.csproj", "{1DB52574-8305-4B11-9E2D-B41353322368}"
EndProject
Project("{FAE04EC0-301F-11D3-BF4B-00C04F79EFBC}") = "NumberFormatting", "..\NumberFormatting\NumberFormatting.csproj", "{DC74FB59-13EF-4555-8F4B-96943CBC0113}"
EndProject
Project("{FAE04EC0-301F-11D3-BF4B-00C04F79EFBC}") = "QuadraticEquation", "..\QuadraticEquation\QuadraticEquation.csproj", "{DFB7005E-DB0C-459D-8001-3CB98F0EC461}"
EndProject
Project("{FAE04EC0-301F-11D3-BF4B-00C04F79EFBC}") = "Sum5Numbers", "..\Sum5Numbers\Sum5Numbers.csproj", "{11B63588-463E-40CC-8AFD-ADA685C44E86}"
EndProject
Project("{FAE04EC0-301F-11D3-BF4B-00C04F79EFBC}") = "Numbers1ThruN", "..\Numbers1ThruN\Numbers1ThruN.csproj", "{DE37C6AA-A90E-4866-83F4-FB84650C02BC}"
EndProject
Project("{FAE04EC0-301F-11D3-BF4B-00C04F79EFBC}") = "SumNNumbers", "..\SumNNumbers\SumNNumbers.csproj", "{C36B201E-21F2-4B6F-9631-136DAEB5E9A3}"
EndProject
Project("{FAE04EC0-301F-11D3-BF4B-00C04F79EFBC}") = "FibonacciNumbers", "..\FibonacciNumbers\FibonacciNumbers.csproj", "{B724CA9E-AD36-43FC-93F3-61B79FAB141D}"
EndProject
Project("{FAE04EC0-301F-11D3-BF4B-00C04F79EFBC}") = "DivisibleNumbersInInterval", "..\DivisibleNumbersInInterval\DivisibleNumbersInInterval.csproj", "{3E807542-2DBE-4168-9991-238C87FD6377}"
EndProject
Project("{FAE04EC0-301F-11D3-BF4B-00C04F79EFBC}") = "FallingRocks", "..\FallingRocks\FallingRocks.csproj", "{9C25DC0E-FB53-41C3-852E-079AD60EC6C7}"
EndProject
Project("{FAE04EC0-301F-11D3-BF4B-00C04F79EFBC}") = "Sum3Nums", "..\Sum3Nums\Sum3Nums.csproj", "{D2AE65B9-56E3-4F2B-BA57-B6684EEBD51F}"
EndProject
Project("{FAE04EC0-301F-11D3-BF4B-00C04F79EFBC}") = "CurrencyCheck", "..\CurrencyCheck\CurrencyCheck.csproj", "{E3AAB8C0-2242-4CA4-98C8-D7A002B7A6D2}"
EndProject
Project("{FAE04EC0-301F-11D3-BF4B-00C04F79EFBC}") = "DreamItem", "..\DreamItem\DreamItem.csproj", "{8274B673-98AE-4118-8DE7-717054B988FA}"
EndProject
Project("{FAE04EC0-301F-11D3-BF4B-00C04F79EFBC}") = "MagicWand", "..\MagicWand\MagicWand.csproj", "{4E80CA22-F08B-48E9-8668-9A87734F3159}"
EndProject
Project("{FAE04EC0-301F-11D3-BF4B-00C04F79EFBC}") = "ArrayMatcher", "..\ArrayMatcher\ArrayMatcher.csproj", "{DC6FC9FD-C4CE-42C8-9D58-A828BDB1C19D}"
EndProject
Project("{FAE04EC0-301F-11D3-BF4B-00C04F79EFBC}") = "KnigtPath", "..\KnigtPath\KnigtPath.csproj", "{56053983-786C-4554-9761-B1F1F82CD584}"
EndProject
Global
	GlobalSection(SolutionConfigurationPlatforms) = preSolution
		Debug|Any CPU = Debug|Any CPU
		Release|Any CPU = Release|Any CPU
	EndGlobalSection
	GlobalSection(ProjectConfigurationPlatforms) = postSolution
		{225A4852-060B-4849-8B9B-D230E9FE36F1}.Debug|Any CPU.ActiveCfg = Debug|Any CPU
		{225A4852-060B-4849-8B9B-D230E9FE36F1}.Debug|Any CPU.Build.0 = Debug|Any CPU
		{225A4852-060B-4849-8B9B-D230E9FE36F1}.Release|Any CPU.ActiveCfg = Release|Any CPU
		{225A4852-060B-4849-8B9B-D230E9FE36F1}.Release|Any CPU.Build.0 = Release|Any CPU
		{C6675B60-E5D2-4385-AB21-252CE62469F5}.Debug|Any CPU.ActiveCfg = Debug|Any CPU
		{C6675B60-E5D2-4385-AB21-252CE62469F5}.Debug|Any CPU.Build.0 = Debug|Any CPU
		{C6675B60-E5D2-4385-AB21-252CE62469F5}.Release|Any CPU.ActiveCfg = Release|Any CPU
		{C6675B60-E5D2-4385-AB21-252CE62469F5}.Release|Any CPU.Build.0 = Release|Any CPU
		{1DB52574-8305-4B11-9E2D-B41353322368}.Debug|Any CPU.ActiveCfg = Debug|Any CPU
		{1DB52574-8305-4B11-9E2D-B41353322368}.Debug|Any CPU.Build.0 = Debug|Any CPU
		{1DB52574-8305-4B11-9E2D-B41353322368}.Release|Any CPU.ActiveCfg = Release|Any CPU
		{1DB52574-8305-4B11-9E2D-B41353322368}.Release|Any CPU.Build.0 = Release|Any CPU
		{DC74FB59-13EF-4555-8F4B-96943CBC0113}.Debug|Any CPU.ActiveCfg = Debug|Any CPU
		{DC74FB59-13EF-4555-8F4B-96943CBC0113}.Debug|Any CPU.Build.0 = Debug|Any CPU
		{DC74FB59-13EF-4555-8F4B-96943CBC0113}.Release|Any CPU.ActiveCfg = Release|Any CPU
		{DC74FB59-13EF-4555-8F4B-96943CBC0113}.Release|Any CPU.Build.0 = Release|Any CPU
		{DFB7005E-DB0C-459D-8001-3CB98F0EC461}.Debug|Any CPU.ActiveCfg = Debug|Any CPU
		{DFB7005E-DB0C-459D-8001-3CB98F0EC461}.Debug|Any CPU.Build.0 = Debug|Any CPU
		{DFB7005E-DB0C-459D-8001-3CB98F0EC461}.Release|Any CPU.ActiveCfg = Release|Any CPU
		{DFB7005E-DB0C-459D-8001-3CB98F0EC461}.Release|Any CPU.Build.0 = Release|Any CPU
		{11B63588-463E-40CC-8AFD-ADA685C44E86}.Debug|Any CPU.ActiveCfg = Debug|Any CPU
		{11B63588-463E-40CC-8AFD-ADA685C44E86}.Debug|Any CPU.Build.0 = Debug|Any CPU
		{11B63588-463E-40CC-8AFD-ADA685C44E86}.Release|Any CPU.ActiveCfg = Release|Any CPU
		{11B63588-463E-40CC-8AFD-ADA685C44E86}.Release|Any CPU.Build.0 = Release|Any CPU
		{DE37C6AA-A90E-4866-83F4-FB84650C02BC}.Debug|Any CPU.ActiveCfg = Debug|Any CPU
		{DE37C6AA-A90E-4866-83F4-FB84650C02BC}.Debug|Any CPU.Build.0 = Debug|Any CPU
		{DE37C6AA-A90E-4866-83F4-FB84650C02BC}.Release|Any CPU.ActiveCfg = Release|Any CPU
		{DE37C6AA-A90E-4866-83F4-FB84650C02BC}.Release|Any CPU.Build.0 = Release|Any CPU
		{C36B201E-21F2-4B6F-9631-136DAEB5E9A3}.Debug|Any CPU.ActiveCfg = Debug|Any CPU
		{C36B201E-21F2-4B6F-9631-136DAEB5E9A3}.Debug|Any CPU.Build.0 = Debug|Any CPU
		{C36B201E-21F2-4B6F-9631-136DAEB5E9A3}.Release|Any CPU.ActiveCfg = Release|Any CPU
		{C36B201E-21F2-4B6F-9631-136DAEB5E9A3}.Release|Any CPU.Build.0 = Release|Any CPU
		{B724CA9E-AD36-43FC-93F3-61B79FAB141D}.Debug|Any CPU.ActiveCfg = Debug|Any CPU
		{B724CA9E-AD36-43FC-93F3-61B79FAB141D}.Debug|Any CPU.Build.0 = Debug|Any CPU
		{B724CA9E-AD36-43FC-93F3-61B79FAB141D}.Release|Any CPU.ActiveCfg = Release|Any CPU
		{B724CA9E-AD36-43FC-93F3-61B79FAB141D}.Release|Any CPU.Build.0 = Release|Any CPU
		{3E807542-2DBE-4168-9991-238C87FD6377}.Debug|Any CPU.ActiveCfg = Debug|Any CPU
		{3E807542-2DBE-4168-9991-238C87FD6377}.Debug|Any CPU.Build.0 = Debug|Any CPU
		{3E807542-2DBE-4168-9991-238C87FD6377}.Release|Any CPU.ActiveCfg = Release|Any CPU
		{3E807542-2DBE-4168-9991-238C87FD6377}.Release|Any CPU.Build.0 = Release|Any CPU
		{9C25DC0E-FB53-41C3-852E-079AD60EC6C7}.Debug|Any CPU.ActiveCfg = Debug|Any CPU
		{9C25DC0E-FB53-41C3-852E-079AD60EC6C7}.Debug|Any CPU.Build.0 = Debug|Any CPU
		{9C25DC0E-FB53-41C3-852E-079AD60EC6C7}.Release|Any CPU.ActiveCfg = Release|Any CPU
		{9C25DC0E-FB53-41C3-852E-079AD60EC6C7}.Release|Any CPU.Build.0 = Release|Any CPU
		{D2AE65B9-56E3-4F2B-BA57-B6684EEBD51F}.Debug|Any CPU.ActiveCfg = Debug|Any CPU
		{D2AE65B9-56E3-4F2B-BA57-B6684EEBD51F}.Debug|Any CPU.Build.0 = Debug|Any CPU
		{D2AE65B9-56E3-4F2B-BA57-B6684EEBD51F}.Release|Any CPU.ActiveCfg = Release|Any CPU
		{D2AE65B9-56E3-4F2B-BA57-B6684EEBD51F}.Release|Any CPU.Build.0 = Release|Any CPU
		{E3AAB8C0-2242-4CA4-98C8-D7A002B7A6D2}.Debug|Any CPU.ActiveCfg = Debug|Any CPU
		{E3AAB8C0-2242-4CA4-98C8-D7A002B7A6D2}.Debug|Any CPU.Build.0 = Debug|Any CPU
		{E3AAB8C0-2242-4CA4-98C8-D7A002B7A6D2}.Release|Any CPU.ActiveCfg = Release|Any CPU
		{E3AAB8C0-2242-4CA4-98C8-D7A002B7A6D2}.Release|Any CPU.Build.0 = Release|Any CPU
		{8274B673-98AE-4118-8DE7-717054B988FA}.Debug|Any CPU.ActiveCfg = Debug|Any CPU
		{8274B673-98AE-4118-8DE7-717054B988FA}.Debug|Any CPU.Build.0 = Debug|Any CPU
		{8274B673-98AE-4118-8DE7-717054B988FA}.Release|Any CPU.ActiveCfg = Release|Any CPU
		{8274B673-98AE-4118-8DE7-717054B988FA}.Release|Any CPU.Build.0 = Release|Any CPU
		{4E80CA22-F08B-48E9-8668-9A87734F3159}.Debug|Any CPU.ActiveCfg = Debug|Any CPU
		{4E80CA22-F08B-48E9-8668-9A87734F3159}.Debug|Any CPU.Build.0 = Debug|Any CPU
		{4E80CA22-F08B-48E9-8668-9A87734F3159}.Release|Any CPU.ActiveCfg = Release|Any CPU
		{4E80CA22-F08B-48E9-8668-9A87734F3159}.Release|Any CPU.Build.0 = Release|Any CPU
		{DC6FC9FD-C4CE-42C8-9D58-A828BDB1C19D}.Debug|Any CPU.ActiveCfg = Debug|Any CPU
		{DC6FC9FD-C4CE-42C8-9D58-A828BDB1C19D}.Debug|Any CPU.Build.0 = Debug|Any CPU
		{DC6FC9FD-C4CE-42C8-9D58-A828BDB1C19D}.Release|Any CPU.ActiveCfg = Release|Any CPU
		{DC6FC9FD-C4CE-42C8-9D58-A828BDB1C19D}.Release|Any CPU.Build.0 = Release|Any CPU
		{56053983-786C-4554-9761-B1F1F82CD584}.Debug|Any CPU.ActiveCfg = Debug|Any CPU
		{56053983-786C-4554-9761-B1F1F82CD584}.Debug|Any CPU.Build.0 = Debug|Any CPU
		{56053983-786C-4554-9761-B1F1F82CD584}.Release|Any CPU.ActiveCfg = Release|Any CPU
		{56053983-786C-4554-9761-B1F1F82CD584}.Release|Any CPU.Build.0 = Release|Any CPU
	EndGlobalSection
	GlobalSection(SolutionProperties) = preSolution
		HideSolutionNode = FALSE
	EndGlobalSection
EndGlobal
