
Microsoft Visual Studio Solution File, Format Version 12.00
# Visual Studio 14
VisualStudioVersion = 14.0.24720.0
MinimumVisualStudioVersion = 10.0.40219.1
Project("{9092AA53-FB77-4645-B42D-1CCCA6BD08BD}") = "current-time", "current-time\current-time.njsproj", "{55C5D4BF-5B42-4A19-A13D-0A9A0F36D50B}"
EndProject
Global
	GlobalSection(SolutionConfigurationPlatforms) = preSolution
		Debug|Any CPU = Debug|Any CPU
		Release|Any CPU = Release|Any CPU
	EndGlobalSection
	GlobalSection(ProjectConfigurationPlatforms) = postSolution
		{55C5D4BF-5B42-4A19-A13D-0A9A0F36D50B}.Debug|Any CPU.ActiveCfg = Debug|Any CPU
		{55C5D4BF-5B42-4A19-A13D-0A9A0F36D50B}.Debug|Any CPU.Build.0 = Debug|Any CPU
		{55C5D4BF-5B42-4A19-A13D-0A9A0F36D50B}.Release|Any CPU.ActiveCfg = Release|Any CPU
		{55C5D4BF-5B42-4A19-A13D-0A9A0F36D50B}.Release|Any CPU.Build.0 = Release|Any CPU
	EndGlobalSection
	GlobalSection(SolutionProperties) = preSolution
		HideSolutionNode = FALSE
	EndGlobalSection
EndGlobal
