
Microsoft Visual Studio Solution File, Format Version 12.00
# Visual Studio Express 14 for Windows Desktop
VisualStudioVersion = 14.0.23107.0
MinimumVisualStudioVersion = 10.0.40219.1
Project("{FAE04EC0-301F-11D3-BF4B-00C04F79EFBC}") = "VariableDeclarer", "DeclareVariables\VariableDeclarer.csproj", "{BC7ED566-772F-41C0-A625-488ADD2FA6F6}"
EndProject
Project("{FAE04EC0-301F-11D3-BF4B-00C04F79EFBC}") = "FloatOrDouble", "FloatOrDouble\FloatOrDouble.csproj", "{FCB26BCD-BC85-4B28-BD14-9CBD345EE991}"
EndProject
Project("{FAE04EC0-301F-11D3-BF4B-00C04F79EFBC}") = "VariableInHex", "VariableInHex\VariableInHex.csproj", "{CCE19464-1223-42D7-BD6C-3164321E9B57}"
EndProject
Project("{FAE04EC0-301F-11D3-BF4B-00C04F79EFBC}") = "UnicodeCharacter", "UnicodeCharacter\UnicodeCharacter.csproj", "{D2960DD0-E696-4FA9-A064-9CF4B8A8DB57}"
EndProject
Project("{FAE04EC0-301F-11D3-BF4B-00C04F79EFBC}") = "BoolVariable", "BoolVariable\BoolVariable.csproj", "{F7689E1B-093B-4B06-A2A4-17E9485D6B0C}"
EndProject
Project("{FAE04EC0-301F-11D3-BF4B-00C04F79EFBC}") = "StringsAndObjects", "StringsAndObjects\StringsAndObjects.csproj", "{07B29A8C-EB5F-4BCE-B879-E28D2D96F50D}"
EndProject
Project("{FAE04EC0-301F-11D3-BF4B-00C04F79EFBC}") = "QuotationMarks", "QuotationMarks\QuotationMarks.csproj", "{2F9EBD73-4CF9-493A-9471-C3B39554A0AE}"
EndProject
Project("{FAE04EC0-301F-11D3-BF4B-00C04F79EFBC}") = "IsoscelesTriangle", "IsoscelesTriangle\IsoscelesTriangle.csproj", "{0FDF585D-5910-446F-A689-DC0AE8256E75}"
EndProject
Project("{FAE04EC0-301F-11D3-BF4B-00C04F79EFBC}") = "ValuesExchange", "ExchangeVariableValues\ValuesExchange.csproj", "{A0D94FF2-F08E-4C85-895C-3D3E67296510}"
EndProject
Project("{FAE04EC0-301F-11D3-BF4B-00C04F79EFBC}") = "EmployeeData", "EmployeeData\EmployeeData.csproj", "{77C23FC8-A9F5-436C-8A59-64567C76214A}"
EndProject
Project("{FAE04EC0-301F-11D3-BF4B-00C04F79EFBC}") = "BankAccountData", "BankAccountData\BankAccountData.csproj", "{12B94578-89FC-4DA3-B6C9-B5959903B3D3}"
EndProject
Project("{FAE04EC0-301F-11D3-BF4B-00C04F79EFBC}") = "NullValues", "NullValues\NullValues.csproj", "{3EF53041-7DA5-45CA-8EDF-095FD50E9FB3}"
EndProject
Project("{FAE04EC0-301F-11D3-BF4B-00C04F79EFBC}") = "FloatComparer", "FloatComparer\FloatComparer.csproj", "{73CE3946-7056-428C-BF05-78C4D296B122}"
EndProject
Project("{FAE04EC0-301F-11D3-BF4B-00C04F79EFBC}") = "ASCIITable", "ASCIITable\ASCIITable.csproj", "{16F751D2-C6ED-486E-92B1-B52A87EDF039}"
EndProject
Project("{FAE04EC0-301F-11D3-BF4B-00C04F79EFBC}") = "TorrentPirate", "TorrentPirate\TorrentPirate.csproj", "{466090B1-BC49-4186-918B-62EDC1CE7D92}"
EndProject
Project("{FAE04EC0-301F-11D3-BF4B-00C04F79EFBC}") = "BasketBattle", "BasketBattle\BasketBattle.csproj", "{D5F20EFB-8AA9-41B9-99EE-DAE58C64F1BD}"
EndProject
Project("{FAE04EC0-301F-11D3-BF4B-00C04F79EFBC}") = "Dumbbell", "DumbBell\Dumbbell.csproj", "{DA929421-D126-4DF8-86A8-C8BE28AC3FE9}"
EndProject
Project("{FAE04EC0-301F-11D3-BF4B-00C04F79EFBC}") = "EncryptedMatrix", "EncryptedMatrix\EncryptedMatrix.csproj", "{D38B24C5-1A45-424D-83B9-4FDF26F0C377}"
EndProject
Project("{FAE04EC0-301F-11D3-BF4B-00C04F79EFBC}") = "BitsGame", "BitsGame\BitsGame.csproj", "{3C75FF42-9556-4D69-B0F7-54B8D1A9B42D}"
EndProject
Global
	GlobalSection(SolutionConfigurationPlatforms) = preSolution
		Debug|Any CPU = Debug|Any CPU
		Release|Any CPU = Release|Any CPU
	EndGlobalSection
	GlobalSection(ProjectConfigurationPlatforms) = postSolution
		{BC7ED566-772F-41C0-A625-488ADD2FA6F6}.Debug|Any CPU.ActiveCfg = Debug|Any CPU
		{BC7ED566-772F-41C0-A625-488ADD2FA6F6}.Debug|Any CPU.Build.0 = Debug|Any CPU
		{BC7ED566-772F-41C0-A625-488ADD2FA6F6}.Release|Any CPU.ActiveCfg = Release|Any CPU
		{BC7ED566-772F-41C0-A625-488ADD2FA6F6}.Release|Any CPU.Build.0 = Release|Any CPU
		{FCB26BCD-BC85-4B28-BD14-9CBD345EE991}.Debug|Any CPU.ActiveCfg = Debug|Any CPU
		{FCB26BCD-BC85-4B28-BD14-9CBD345EE991}.Debug|Any CPU.Build.0 = Debug|Any CPU
		{FCB26BCD-BC85-4B28-BD14-9CBD345EE991}.Release|Any CPU.ActiveCfg = Release|Any CPU
		{FCB26BCD-BC85-4B28-BD14-9CBD345EE991}.Release|Any CPU.Build.0 = Release|Any CPU
		{CCE19464-1223-42D7-BD6C-3164321E9B57}.Debug|Any CPU.ActiveCfg = Debug|Any CPU
		{CCE19464-1223-42D7-BD6C-3164321E9B57}.Debug|Any CPU.Build.0 = Debug|Any CPU
		{CCE19464-1223-42D7-BD6C-3164321E9B57}.Release|Any CPU.ActiveCfg = Release|Any CPU
		{CCE19464-1223-42D7-BD6C-3164321E9B57}.Release|Any CPU.Build.0 = Release|Any CPU
		{D2960DD0-E696-4FA9-A064-9CF4B8A8DB57}.Debug|Any CPU.ActiveCfg = Debug|Any CPU
		{D2960DD0-E696-4FA9-A064-9CF4B8A8DB57}.Debug|Any CPU.Build.0 = Debug|Any CPU
		{D2960DD0-E696-4FA9-A064-9CF4B8A8DB57}.Release|Any CPU.ActiveCfg = Release|Any CPU
		{D2960DD0-E696-4FA9-A064-9CF4B8A8DB57}.Release|Any CPU.Build.0 = Release|Any CPU
		{F7689E1B-093B-4B06-A2A4-17E9485D6B0C}.Debug|Any CPU.ActiveCfg = Debug|Any CPU
		{F7689E1B-093B-4B06-A2A4-17E9485D6B0C}.Debug|Any CPU.Build.0 = Debug|Any CPU
		{F7689E1B-093B-4B06-A2A4-17E9485D6B0C}.Release|Any CPU.ActiveCfg = Release|Any CPU
		{F7689E1B-093B-4B06-A2A4-17E9485D6B0C}.Release|Any CPU.Build.0 = Release|Any CPU
		{07B29A8C-EB5F-4BCE-B879-E28D2D96F50D}.Debug|Any CPU.ActiveCfg = Debug|Any CPU
		{07B29A8C-EB5F-4BCE-B879-E28D2D96F50D}.Debug|Any CPU.Build.0 = Debug|Any CPU
		{07B29A8C-EB5F-4BCE-B879-E28D2D96F50D}.Release|Any CPU.ActiveCfg = Release|Any CPU
		{07B29A8C-EB5F-4BCE-B879-E28D2D96F50D}.Release|Any CPU.Build.0 = Release|Any CPU
		{2F9EBD73-4CF9-493A-9471-C3B39554A0AE}.Debug|Any CPU.ActiveCfg = Debug|Any CPU
		{2F9EBD73-4CF9-493A-9471-C3B39554A0AE}.Debug|Any CPU.Build.0 = Debug|Any CPU
		{2F9EBD73-4CF9-493A-9471-C3B39554A0AE}.Release|Any CPU.ActiveCfg = Release|Any CPU
		{2F9EBD73-4CF9-493A-9471-C3B39554A0AE}.Release|Any CPU.Build.0 = Release|Any CPU
		{0FDF585D-5910-446F-A689-DC0AE8256E75}.Debug|Any CPU.ActiveCfg = Debug|Any CPU
		{0FDF585D-5910-446F-A689-DC0AE8256E75}.Debug|Any CPU.Build.0 = Debug|Any CPU
		{0FDF585D-5910-446F-A689-DC0AE8256E75}.Release|Any CPU.ActiveCfg = Release|Any CPU
		{0FDF585D-5910-446F-A689-DC0AE8256E75}.Release|Any CPU.Build.0 = Release|Any CPU
		{A0D94FF2-F08E-4C85-895C-3D3E67296510}.Debug|Any CPU.ActiveCfg = Debug|Any CPU
		{A0D94FF2-F08E-4C85-895C-3D3E67296510}.Debug|Any CPU.Build.0 = Debug|Any CPU
		{A0D94FF2-F08E-4C85-895C-3D3E67296510}.Release|Any CPU.ActiveCfg = Release|Any CPU
		{A0D94FF2-F08E-4C85-895C-3D3E67296510}.Release|Any CPU.Build.0 = Release|Any CPU
		{77C23FC8-A9F5-436C-8A59-64567C76214A}.Debug|Any CPU.ActiveCfg = Debug|Any CPU
		{77C23FC8-A9F5-436C-8A59-64567C76214A}.Debug|Any CPU.Build.0 = Debug|Any CPU
		{77C23FC8-A9F5-436C-8A59-64567C76214A}.Release|Any CPU.ActiveCfg = Release|Any CPU
		{77C23FC8-A9F5-436C-8A59-64567C76214A}.Release|Any CPU.Build.0 = Release|Any CPU
		{12B94578-89FC-4DA3-B6C9-B5959903B3D3}.Debug|Any CPU.ActiveCfg = Debug|Any CPU
		{12B94578-89FC-4DA3-B6C9-B5959903B3D3}.Debug|Any CPU.Build.0 = Debug|Any CPU
		{12B94578-89FC-4DA3-B6C9-B5959903B3D3}.Release|Any CPU.ActiveCfg = Release|Any CPU
		{12B94578-89FC-4DA3-B6C9-B5959903B3D3}.Release|Any CPU.Build.0 = Release|Any CPU
		{3EF53041-7DA5-45CA-8EDF-095FD50E9FB3}.Debug|Any CPU.ActiveCfg = Debug|Any CPU
		{3EF53041-7DA5-45CA-8EDF-095FD50E9FB3}.Debug|Any CPU.Build.0 = Debug|Any CPU
		{3EF53041-7DA5-45CA-8EDF-095FD50E9FB3}.Release|Any CPU.ActiveCfg = Release|Any CPU
		{3EF53041-7DA5-45CA-8EDF-095FD50E9FB3}.Release|Any CPU.Build.0 = Release|Any CPU
		{73CE3946-7056-428C-BF05-78C4D296B122}.Debug|Any CPU.ActiveCfg = Debug|Any CPU
		{73CE3946-7056-428C-BF05-78C4D296B122}.Debug|Any CPU.Build.0 = Debug|Any CPU
		{73CE3946-7056-428C-BF05-78C4D296B122}.Release|Any CPU.ActiveCfg = Release|Any CPU
		{73CE3946-7056-428C-BF05-78C4D296B122}.Release|Any CPU.Build.0 = Release|Any CPU
		{16F751D2-C6ED-486E-92B1-B52A87EDF039}.Debug|Any CPU.ActiveCfg = Debug|Any CPU
		{16F751D2-C6ED-486E-92B1-B52A87EDF039}.Debug|Any CPU.Build.0 = Debug|Any CPU
		{16F751D2-C6ED-486E-92B1-B52A87EDF039}.Release|Any CPU.ActiveCfg = Release|Any CPU
		{16F751D2-C6ED-486E-92B1-B52A87EDF039}.Release|Any CPU.Build.0 = Release|Any CPU
		{466090B1-BC49-4186-918B-62EDC1CE7D92}.Debug|Any CPU.ActiveCfg = Debug|Any CPU
		{466090B1-BC49-4186-918B-62EDC1CE7D92}.Debug|Any CPU.Build.0 = Debug|Any CPU
		{466090B1-BC49-4186-918B-62EDC1CE7D92}.Release|Any CPU.ActiveCfg = Release|Any CPU
		{466090B1-BC49-4186-918B-62EDC1CE7D92}.Release|Any CPU.Build.0 = Release|Any CPU
		{D5F20EFB-8AA9-41B9-99EE-DAE58C64F1BD}.Debug|Any CPU.ActiveCfg = Debug|Any CPU
		{D5F20EFB-8AA9-41B9-99EE-DAE58C64F1BD}.Debug|Any CPU.Build.0 = Debug|Any CPU
		{D5F20EFB-8AA9-41B9-99EE-DAE58C64F1BD}.Release|Any CPU.ActiveCfg = Release|Any CPU
		{D5F20EFB-8AA9-41B9-99EE-DAE58C64F1BD}.Release|Any CPU.Build.0 = Release|Any CPU
		{DA929421-D126-4DF8-86A8-C8BE28AC3FE9}.Debug|Any CPU.ActiveCfg = Debug|Any CPU
		{DA929421-D126-4DF8-86A8-C8BE28AC3FE9}.Debug|Any CPU.Build.0 = Debug|Any CPU
		{DA929421-D126-4DF8-86A8-C8BE28AC3FE9}.Release|Any CPU.ActiveCfg = Release|Any CPU
		{DA929421-D126-4DF8-86A8-C8BE28AC3FE9}.Release|Any CPU.Build.0 = Release|Any CPU
		{D38B24C5-1A45-424D-83B9-4FDF26F0C377}.Debug|Any CPU.ActiveCfg = Debug|Any CPU
		{D38B24C5-1A45-424D-83B9-4FDF26F0C377}.Debug|Any CPU.Build.0 = Debug|Any CPU
		{D38B24C5-1A45-424D-83B9-4FDF26F0C377}.Release|Any CPU.ActiveCfg = Release|Any CPU
		{D38B24C5-1A45-424D-83B9-4FDF26F0C377}.Release|Any CPU.Build.0 = Release|Any CPU
		{3C75FF42-9556-4D69-B0F7-54B8D1A9B42D}.Debug|Any CPU.ActiveCfg = Debug|Any CPU
		{3C75FF42-9556-4D69-B0F7-54B8D1A9B42D}.Debug|Any CPU.Build.0 = Debug|Any CPU
		{3C75FF42-9556-4D69-B0F7-54B8D1A9B42D}.Release|Any CPU.ActiveCfg = Release|Any CPU
		{3C75FF42-9556-4D69-B0F7-54B8D1A9B42D}.Release|Any CPU.Build.0 = Release|Any CPU
	EndGlobalSection
	GlobalSection(SolutionProperties) = preSolution
		HideSolutionNode = FALSE
	EndGlobalSection
EndGlobal
