Microsoft Visual Studio Solution File, Format Version 11.00
# Visual Studio 2008

Project("{54A3502D-FF7D-46F7-0472-75E5005CC832}") = "Unity GameObject", "Assembly-CSharp.csproj", "{F95C39E3-DFE0-74BA-4238-D771E941E576}"
EndProject
Global
	GlobalSection(SolutionConfigurationPlatforms) = preSolution
		Debug|Any CPU = Debug|Any CPU
		Release|Any CPU = Release|Any CPU
	EndGlobalSection
	GlobalSection(ProjectConfigurationPlatforms) = postSolution
		{F95C39E3-DFE0-74BA-4238-D771E941E576}.Debug|Any CPU.ActiveCfg = Debug|Any CPU
		{F95C39E3-DFE0-74BA-4238-D771E941E576}.Debug|Any CPU.Build.0 = Debug|Any CPU
		{F95C39E3-DFE0-74BA-4238-D771E941E576}.Release|Any CPU.ActiveCfg = Release|Any CPU
		{F95C39E3-DFE0-74BA-4238-D771E941E576}.Release|Any CPU.Build.0 = Release|Any CPU
	EndGlobalSection
	GlobalSection(SolutionProperties) = preSolution
		HideSolutionNode = FALSE
	EndGlobalSection
	GlobalSection(MonoDevelopProperties) = preSolution
		StartupItem = Assembly-CSharp.csproj
	EndGlobalSection
EndGlobal
