
Microsoft Visual Studio Solution File, Format Version 12.00
# Visual Studio Express 14 for Windows Desktop
VisualStudioVersion = 14.0.23107.0
MinimumVisualStudioVersion = 10.0.40219.1
Project("{FAE04EC0-301F-11D3-BF4B-00C04F79EFBC}") = "Loops", "Loops\Loops.csproj", "{836718EA-F1EB-47AC-B741-3CAD87A1A018}"
EndProject
Project("{FAE04EC0-301F-11D3-BF4B-00C04F79EFBC}") = "1. NumbersFrom1ToN", "1. NumbersFrom1ToN\1. NumbersFrom1ToN.csproj", "{F51E29E2-4B4E-4E96-9A02-CDA70C3689A6}"
EndProject
Project("{FAE04EC0-301F-11D3-BF4B-00C04F79EFBC}") = "2. NumbersIndivisible3And7", "2. NumbersIndivisible3And7\2. NumbersIndivisible3And7.csproj", "{DFB1BC31-A48B-4FDA-9665-BF91300BF63F}"
EndProject
Project("{FAE04EC0-301F-11D3-BF4B-00C04F79EFBC}") = "3. MinMaxSumAverage", "3. MinMaxSumAverage\3. MinMaxSumAverage.csproj", "{F8F232FB-F14E-4B52-A242-BDF65813DC18}"
EndProject
Project("{FAE04EC0-301F-11D3-BF4B-00C04F79EFBC}") = "4. PrintDeck", "4. PrintDeck\4. PrintDeck.csproj", "{A416928D-5F53-4E78-86C7-384F71CB7A6A}"
EndProject
Project("{FAE04EC0-301F-11D3-BF4B-00C04F79EFBC}") = "5. Calculate 1NK", "5. Calculate\5. Calculate 1NK.csproj", "{FF527C8A-235F-4C96-8D9F-433C98A09257}"
EndProject
Project("{FAE04EC0-301F-11D3-BF4B-00C04F79EFBC}") = "6. Calculate N K", "6. Calculate N K\6. Calculate N K.csproj", "{98839A4D-E21A-4DC1-8C17-5120B2768297}"
EndProject
Project("{FAE04EC0-301F-11D3-BF4B-00C04F79EFBC}") = "7. Calculate NKKNK", "7. Calculate NKKNK\7. Calculate NKKNK.csproj", "{2A13D353-95B2-4D23-B01F-B4AD628B4FDA}"
EndProject
Project("{FAE04EC0-301F-11D3-BF4B-00C04F79EFBC}") = "8. CatalanNumbers", "8. CatalanNumbers\8. CatalanNumbers.csproj", "{266D9145-3C20-44CA-9405-960F091A197F}"
EndProject
Project("{FAE04EC0-301F-11D3-BF4B-00C04F79EFBC}") = "9. MatrixOfNumbers", "9. MatrixOfNumbers\9. MatrixOfNumbers.csproj", "{D1C94BB2-FEF4-4BCC-85E8-D54618F25582}"
EndProject
Project("{FAE04EC0-301F-11D3-BF4B-00C04F79EFBC}") = "10. OddAndEvenProduct", "10. OddAndEvenProduct\10. OddAndEvenProduct.csproj", "{41815E5D-5E3D-41FC-A20C-F76BA1B1C308}"
EndProject
Project("{FAE04EC0-301F-11D3-BF4B-00C04F79EFBC}") = "11. RandomNumbersInRange", "11. RandomNumbersInRange\11. RandomNumbersInRange.csproj", "{FE8275E6-6850-40CC-AAA9-C4B206CEA22E}"
EndProject
Project("{FAE04EC0-301F-11D3-BF4B-00C04F79EFBC}") = "12. RandomizeNumbers1N", "12. RandomizeNumbers1N\12. RandomizeNumbers1N.csproj", "{0FF92FF7-F740-460E-8767-EDBDA166DEA8}"
EndProject
Project("{FAE04EC0-301F-11D3-BF4B-00C04F79EFBC}") = "13-16. Converters", "13-16. Converters\13-16. Converters.csproj", "{7186E649-FBB7-4610-9C61-E94BA32C8BBD}"
EndProject
Project("{FAE04EC0-301F-11D3-BF4B-00C04F79EFBC}") = "17. CalculateGCD", "17. CalculateGCD\17. CalculateGCD.csproj", "{413B33D9-61CC-4447-9674-EC721D62B891}"
EndProject
Project("{FAE04EC0-301F-11D3-BF4B-00C04F79EFBC}") = "18. TrailingZeroesInN!", "18. TrailingZeroesInN!\18. TrailingZeroesInN!.csproj", "{9FE3D1F4-4788-46AA-B307-834C8A3DE5BD}"
EndProject
Project("{FAE04EC0-301F-11D3-BF4B-00C04F79EFBC}") = "19. SpiralMatrix", "19. SpiralMatrix\19. SpiralMatrix.csproj", "{6E179E3D-5548-4AB5-B3E3-E8D381C7EE0E}"
EndProject
Project("{FAE04EC0-301F-11D3-BF4B-00C04F79EFBC}") = "20. FourFactors", "20. FourFactors\20. FourFactors.csproj", "{A3E1CEDB-65ED-4C3D-A6C2-D4FA1FDBF041}"
EndProject
Project("{FAE04EC0-301F-11D3-BF4B-00C04F79EFBC}") = "21. DetectiveBoev", "21. DetectiveBoev\21. DetectiveBoev.csproj", "{8D95267B-C2D6-4BEF-8B99-6514E53DAD43}"
EndProject
Project("{FAE04EC0-301F-11D3-BF4B-00C04F79EFBC}") = "22. SummerTime", "22. SummerTime\22. SummerTime.csproj", "{FA8C4B7A-0FA6-4558-AB50-0A3280F9EC92}"
EndProject
Project("{FAE04EC0-301F-11D3-BF4B-00C04F79EFBC}") = "23. LightTheTorches", "23. LightTheTorches\23. LightTheTorches.csproj", "{97E0868F-2576-47C9-BBE9-3C6A434EA285}"
EndProject
Project("{FAE04EC0-301F-11D3-BF4B-00C04F79EFBC}") = "24. WiggleWiggle", "24. WiggleWiggle\24. WiggleWiggle.csproj", "{A15C0AB9-7878-47F5-88CD-025D48CD8DE7}"
EndProject
Global
	GlobalSection(SolutionConfigurationPlatforms) = preSolution
		Debug|Any CPU = Debug|Any CPU
		Release|Any CPU = Release|Any CPU
	EndGlobalSection
	GlobalSection(ProjectConfigurationPlatforms) = postSolution
		{836718EA-F1EB-47AC-B741-3CAD87A1A018}.Debug|Any CPU.ActiveCfg = Debug|Any CPU
		{836718EA-F1EB-47AC-B741-3CAD87A1A018}.Debug|Any CPU.Build.0 = Debug|Any CPU
		{836718EA-F1EB-47AC-B741-3CAD87A1A018}.Release|Any CPU.ActiveCfg = Release|Any CPU
		{836718EA-F1EB-47AC-B741-3CAD87A1A018}.Release|Any CPU.Build.0 = Release|Any CPU
		{F51E29E2-4B4E-4E96-9A02-CDA70C3689A6}.Debug|Any CPU.ActiveCfg = Debug|Any CPU
		{F51E29E2-4B4E-4E96-9A02-CDA70C3689A6}.Debug|Any CPU.Build.0 = Debug|Any CPU
		{F51E29E2-4B4E-4E96-9A02-CDA70C3689A6}.Release|Any CPU.ActiveCfg = Release|Any CPU
		{F51E29E2-4B4E-4E96-9A02-CDA70C3689A6}.Release|Any CPU.Build.0 = Release|Any CPU
		{DFB1BC31-A48B-4FDA-9665-BF91300BF63F}.Debug|Any CPU.ActiveCfg = Debug|Any CPU
		{DFB1BC31-A48B-4FDA-9665-BF91300BF63F}.Debug|Any CPU.Build.0 = Debug|Any CPU
		{DFB1BC31-A48B-4FDA-9665-BF91300BF63F}.Release|Any CPU.ActiveCfg = Release|Any CPU
		{DFB1BC31-A48B-4FDA-9665-BF91300BF63F}.Release|Any CPU.Build.0 = Release|Any CPU
		{F8F232FB-F14E-4B52-A242-BDF65813DC18}.Debug|Any CPU.ActiveCfg = Debug|Any CPU
		{F8F232FB-F14E-4B52-A242-BDF65813DC18}.Debug|Any CPU.Build.0 = Debug|Any CPU
		{F8F232FB-F14E-4B52-A242-BDF65813DC18}.Release|Any CPU.ActiveCfg = Release|Any CPU
		{F8F232FB-F14E-4B52-A242-BDF65813DC18}.Release|Any CPU.Build.0 = Release|Any CPU
		{A416928D-5F53-4E78-86C7-384F71CB7A6A}.Debug|Any CPU.ActiveCfg = Debug|Any CPU
		{A416928D-5F53-4E78-86C7-384F71CB7A6A}.Debug|Any CPU.Build.0 = Debug|Any CPU
		{A416928D-5F53-4E78-86C7-384F71CB7A6A}.Release|Any CPU.ActiveCfg = Release|Any CPU
		{A416928D-5F53-4E78-86C7-384F71CB7A6A}.Release|Any CPU.Build.0 = Release|Any CPU
		{FF527C8A-235F-4C96-8D9F-433C98A09257}.Debug|Any CPU.ActiveCfg = Debug|Any CPU
		{FF527C8A-235F-4C96-8D9F-433C98A09257}.Debug|Any CPU.Build.0 = Debug|Any CPU
		{FF527C8A-235F-4C96-8D9F-433C98A09257}.Release|Any CPU.ActiveCfg = Release|Any CPU
		{FF527C8A-235F-4C96-8D9F-433C98A09257}.Release|Any CPU.Build.0 = Release|Any CPU
		{98839A4D-E21A-4DC1-8C17-5120B2768297}.Debug|Any CPU.ActiveCfg = Debug|Any CPU
		{98839A4D-E21A-4DC1-8C17-5120B2768297}.Debug|Any CPU.Build.0 = Debug|Any CPU
		{98839A4D-E21A-4DC1-8C17-5120B2768297}.Release|Any CPU.ActiveCfg = Release|Any CPU
		{98839A4D-E21A-4DC1-8C17-5120B2768297}.Release|Any CPU.Build.0 = Release|Any CPU
		{2A13D353-95B2-4D23-B01F-B4AD628B4FDA}.Debug|Any CPU.ActiveCfg = Debug|Any CPU
		{2A13D353-95B2-4D23-B01F-B4AD628B4FDA}.Debug|Any CPU.Build.0 = Debug|Any CPU
		{2A13D353-95B2-4D23-B01F-B4AD628B4FDA}.Release|Any CPU.ActiveCfg = Release|Any CPU
		{2A13D353-95B2-4D23-B01F-B4AD628B4FDA}.Release|Any CPU.Build.0 = Release|Any CPU
		{266D9145-3C20-44CA-9405-960F091A197F}.Debug|Any CPU.ActiveCfg = Debug|Any CPU
		{266D9145-3C20-44CA-9405-960F091A197F}.Debug|Any CPU.Build.0 = Debug|Any CPU
		{266D9145-3C20-44CA-9405-960F091A197F}.Release|Any CPU.ActiveCfg = Release|Any CPU
		{266D9145-3C20-44CA-9405-960F091A197F}.Release|Any CPU.Build.0 = Release|Any CPU
		{D1C94BB2-FEF4-4BCC-85E8-D54618F25582}.Debug|Any CPU.ActiveCfg = Debug|Any CPU
		{D1C94BB2-FEF4-4BCC-85E8-D54618F25582}.Debug|Any CPU.Build.0 = Debug|Any CPU
		{D1C94BB2-FEF4-4BCC-85E8-D54618F25582}.Release|Any CPU.ActiveCfg = Release|Any CPU
		{D1C94BB2-FEF4-4BCC-85E8-D54618F25582}.Release|Any CPU.Build.0 = Release|Any CPU
		{41815E5D-5E3D-41FC-A20C-F76BA1B1C308}.Debug|Any CPU.ActiveCfg = Debug|Any CPU
		{41815E5D-5E3D-41FC-A20C-F76BA1B1C308}.Debug|Any CPU.Build.0 = Debug|Any CPU
		{41815E5D-5E3D-41FC-A20C-F76BA1B1C308}.Release|Any CPU.ActiveCfg = Release|Any CPU
		{41815E5D-5E3D-41FC-A20C-F76BA1B1C308}.Release|Any CPU.Build.0 = Release|Any CPU
		{FE8275E6-6850-40CC-AAA9-C4B206CEA22E}.Debug|Any CPU.ActiveCfg = Debug|Any CPU
		{FE8275E6-6850-40CC-AAA9-C4B206CEA22E}.Debug|Any CPU.Build.0 = Debug|Any CPU
		{FE8275E6-6850-40CC-AAA9-C4B206CEA22E}.Release|Any CPU.ActiveCfg = Release|Any CPU
		{FE8275E6-6850-40CC-AAA9-C4B206CEA22E}.Release|Any CPU.Build.0 = Release|Any CPU
		{0FF92FF7-F740-460E-8767-EDBDA166DEA8}.Debug|Any CPU.ActiveCfg = Debug|Any CPU
		{0FF92FF7-F740-460E-8767-EDBDA166DEA8}.Debug|Any CPU.Build.0 = Debug|Any CPU
		{0FF92FF7-F740-460E-8767-EDBDA166DEA8}.Release|Any CPU.ActiveCfg = Release|Any CPU
		{0FF92FF7-F740-460E-8767-EDBDA166DEA8}.Release|Any CPU.Build.0 = Release|Any CPU
		{7186E649-FBB7-4610-9C61-E94BA32C8BBD}.Debug|Any CPU.ActiveCfg = Debug|Any CPU
		{7186E649-FBB7-4610-9C61-E94BA32C8BBD}.Debug|Any CPU.Build.0 = Debug|Any CPU
		{7186E649-FBB7-4610-9C61-E94BA32C8BBD}.Release|Any CPU.ActiveCfg = Release|Any CPU
		{7186E649-FBB7-4610-9C61-E94BA32C8BBD}.Release|Any CPU.Build.0 = Release|Any CPU
		{413B33D9-61CC-4447-9674-EC721D62B891}.Debug|Any CPU.ActiveCfg = Debug|Any CPU
		{413B33D9-61CC-4447-9674-EC721D62B891}.Debug|Any CPU.Build.0 = Debug|Any CPU
		{413B33D9-61CC-4447-9674-EC721D62B891}.Release|Any CPU.ActiveCfg = Release|Any CPU
		{413B33D9-61CC-4447-9674-EC721D62B891}.Release|Any CPU.Build.0 = Release|Any CPU
		{9FE3D1F4-4788-46AA-B307-834C8A3DE5BD}.Debug|Any CPU.ActiveCfg = Debug|Any CPU
		{9FE3D1F4-4788-46AA-B307-834C8A3DE5BD}.Debug|Any CPU.Build.0 = Debug|Any CPU
		{9FE3D1F4-4788-46AA-B307-834C8A3DE5BD}.Release|Any CPU.ActiveCfg = Release|Any CPU
		{9FE3D1F4-4788-46AA-B307-834C8A3DE5BD}.Release|Any CPU.Build.0 = Release|Any CPU
		{6E179E3D-5548-4AB5-B3E3-E8D381C7EE0E}.Debug|Any CPU.ActiveCfg = Debug|Any CPU
		{6E179E3D-5548-4AB5-B3E3-E8D381C7EE0E}.Debug|Any CPU.Build.0 = Debug|Any CPU
		{6E179E3D-5548-4AB5-B3E3-E8D381C7EE0E}.Release|Any CPU.ActiveCfg = Release|Any CPU
		{6E179E3D-5548-4AB5-B3E3-E8D381C7EE0E}.Release|Any CPU.Build.0 = Release|Any CPU
		{A3E1CEDB-65ED-4C3D-A6C2-D4FA1FDBF041}.Debug|Any CPU.ActiveCfg = Debug|Any CPU
		{A3E1CEDB-65ED-4C3D-A6C2-D4FA1FDBF041}.Debug|Any CPU.Build.0 = Debug|Any CPU
		{A3E1CEDB-65ED-4C3D-A6C2-D4FA1FDBF041}.Release|Any CPU.ActiveCfg = Release|Any CPU
		{A3E1CEDB-65ED-4C3D-A6C2-D4FA1FDBF041}.Release|Any CPU.Build.0 = Release|Any CPU
		{8D95267B-C2D6-4BEF-8B99-6514E53DAD43}.Debug|Any CPU.ActiveCfg = Debug|Any CPU
		{8D95267B-C2D6-4BEF-8B99-6514E53DAD43}.Debug|Any CPU.Build.0 = Debug|Any CPU
		{8D95267B-C2D6-4BEF-8B99-6514E53DAD43}.Release|Any CPU.ActiveCfg = Release|Any CPU
		{8D95267B-C2D6-4BEF-8B99-6514E53DAD43}.Release|Any CPU.Build.0 = Release|Any CPU
		{FA8C4B7A-0FA6-4558-AB50-0A3280F9EC92}.Debug|Any CPU.ActiveCfg = Debug|Any CPU
		{FA8C4B7A-0FA6-4558-AB50-0A3280F9EC92}.Debug|Any CPU.Build.0 = Debug|Any CPU
		{FA8C4B7A-0FA6-4558-AB50-0A3280F9EC92}.Release|Any CPU.ActiveCfg = Release|Any CPU
		{FA8C4B7A-0FA6-4558-AB50-0A3280F9EC92}.Release|Any CPU.Build.0 = Release|Any CPU
		{97E0868F-2576-47C9-BBE9-3C6A434EA285}.Debug|Any CPU.ActiveCfg = Debug|Any CPU
		{97E0868F-2576-47C9-BBE9-3C6A434EA285}.Debug|Any CPU.Build.0 = Debug|Any CPU
		{97E0868F-2576-47C9-BBE9-3C6A434EA285}.Release|Any CPU.ActiveCfg = Release|Any CPU
		{97E0868F-2576-47C9-BBE9-3C6A434EA285}.Release|Any CPU.Build.0 = Release|Any CPU
		{A15C0AB9-7878-47F5-88CD-025D48CD8DE7}.Debug|Any CPU.ActiveCfg = Debug|Any CPU
		{A15C0AB9-7878-47F5-88CD-025D48CD8DE7}.Debug|Any CPU.Build.0 = Debug|Any CPU
		{A15C0AB9-7878-47F5-88CD-025D48CD8DE7}.Release|Any CPU.ActiveCfg = Release|Any CPU
		{A15C0AB9-7878-47F5-88CD-025D48CD8DE7}.Release|Any CPU.Build.0 = Release|Any CPU
	EndGlobalSection
	GlobalSection(SolutionProperties) = preSolution
		HideSolutionNode = FALSE
	EndGlobalSection
EndGlobal
