
Microsoft Visual Studio Solution File, Format Version 12.00
# Visual Studio Express 14 for Windows Desktop
VisualStudioVersion = 14.0.23107.0
MinimumVisualStudioVersion = 10.0.40219.1
Project("{FAE04EC0-301F-11D3-BF4B-00C04F79EFBC}") = "OperatorExpressionsAndStatements", "OperatorExpressionsAndStatements\OperatorExpressionsAndStatements.csproj", "{F0EF185E-50DB-4990-A011-60C9F648B50F}"
EndProject
Project("{FAE04EC0-301F-11D3-BF4B-00C04F79EFBC}") = "1. OddOrEvenIntegers", "2. OddOrEvenIntegers\1. OddOrEvenIntegers.csproj", "{468ACBBC-9C4E-4169-A6CD-3D828C319508}"
EndProject
Project("{FAE04EC0-301F-11D3-BF4B-00C04F79EFBC}") = "2. GravitationOnTheMoon", "3. GravitationOnTheMoon\2. GravitationOnTheMoon.csproj", "{D844AF5C-CACB-40A2-B01A-422692303A7E}"
EndProject
Project("{FAE04EC0-301F-11D3-BF4B-00C04F79EFBC}") = "3. DivisionBy7And5", "DivisionBy7And5\3. DivisionBy7And5.csproj", "{1E5849F7-315E-4CDD-AE0E-3C86FABF0DEF}"
EndProject
Project("{FAE04EC0-301F-11D3-BF4B-00C04F79EFBC}") = "4. Rectangles", "5. Rectangles\4. Rectangles.csproj", "{B054030C-B483-4404-AA8A-E310BD5B947E}"
EndProject
Project("{FAE04EC0-301F-11D3-BF4B-00C04F79EFBC}") = "5. ThirdDigitIs7", "6. ThirdDigitIs7\5. ThirdDigitIs7.csproj", "{B0CD383B-1485-4AF8-AC69-78E37115F552}"
EndProject
Project("{FAE04EC0-301F-11D3-BF4B-00C04F79EFBC}") = "6. FourDigitNumber", "7. Four-DigitNumber\6. FourDigitNumber.csproj", "{0C4432C8-789A-49D1-9FF0-E4EBEECA71DC}"
EndProject
Project("{FAE04EC0-301F-11D3-BF4B-00C04F79EFBC}") = "7. PointInACircle", "PointInACircle\7. PointInACircle.csproj", "{418256EF-39AF-4391-834E-0039ED339A6C}"
EndProject
Project("{FAE04EC0-301F-11D3-BF4B-00C04F79EFBC}") = "8. PrimeNumberCheck", "8. PrimeNumberCheck\8. PrimeNumberCheck.csproj", "{06324008-C8EE-43C7-98AF-5D643F095060}"
EndProject
Project("{FAE04EC0-301F-11D3-BF4B-00C04F79EFBC}") = "9. Trapezoids", "9. Trapezoids\9. Trapezoids.csproj", "{9BAA2269-CB35-4E8A-A832-00B844673236}"
EndProject
Project("{FAE04EC0-301F-11D3-BF4B-00C04F79EFBC}") = "10. PointInsideOut", "10. PointInsideOut\10. PointInsideOut.csproj", "{DB46FC07-9030-48FA-8250-B899D33EFC5F}"
EndProject
Project("{FAE04EC0-301F-11D3-BF4B-00C04F79EFBC}") = "11. ExtractBit3", "11. ExtractBit3\11. ExtractBit3.csproj", "{E1797FF0-5A68-42AB-9157-1D33B0419BFC}"
EndProject
Project("{FAE04EC0-301F-11D3-BF4B-00C04F79EFBC}") = "12. ExtractBitFromInt", "12. ExtractBitFromInt\12. ExtractBitFromInt.csproj", "{B7EC3024-ACC1-4A6A-BC7F-92836973644E}"
EndProject
Project("{FAE04EC0-301F-11D3-BF4B-00C04F79EFBC}") = "13. CheckBitAtGivenPosition", "13. CheckBitAtGivenPosition\13. CheckBitAtGivenPosition.csproj", "{2F6D0DA7-9CA5-454E-93B7-5E1396288934}"
EndProject
Project("{FAE04EC0-301F-11D3-BF4B-00C04F79EFBC}") = "14. ModifyBitAtGivenPosition", "14. ModifyBitAtGivenPosition\14. ModifyBitAtGivenPosition.csproj", "{B40887BB-F615-455C-ABBC-693AAD5B4280}"
EndProject
Project("{FAE04EC0-301F-11D3-BF4B-00C04F79EFBC}") = "15. BitsExchange", "15. BitsExchange\15. BitsExchange.csproj", "{EA40FD2B-586F-42B5-AEE1-B2BD92902C14}"
EndProject
Project("{FAE04EC0-301F-11D3-BF4B-00C04F79EFBC}") = "16. BitExchange", "16. BitExchange\16. BitExchange.csproj", "{F2608E90-4B9C-4AE2-98AA-CB7683D2EF38}"
EndProject
Project("{FAE04EC0-301F-11D3-BF4B-00C04F79EFBC}") = "17. BookProblem", "17. BookProblem\17. BookProblem.csproj", "{5CE2B2E2-071F-4E99-8744-A16E55FC7508}"
EndProject
Project("{FAE04EC0-301F-11D3-BF4B-00C04F79EFBC}") = "18. ChessBoardGame", "19. ChessBoardGame\18. ChessBoardGame.csproj", "{67274AA8-8D9F-4E13-9E4B-C3A25970F38C}"
EndProject
Project("{FAE04EC0-301F-11D3-BF4B-00C04F79EFBC}") = "19. KingOfThieves", "19. KingOfThieves\19. KingOfThieves.csproj", "{C6FD8C72-3E3F-4B4A-885D-EB8352DCBB9C}"
EndProject
Project("{FAE04EC0-301F-11D3-BF4B-00C04F79EFBC}") = "20. DecryptTheMessages", "20. DecryptTheMessages\20. DecryptTheMessages.csproj", "{B1A885DA-15B0-45E1-B547-5285AE25AA88}"
EndProject
Project("{FAE04EC0-301F-11D3-BF4B-00C04F79EFBC}") = "21. BitsAtCrossroads", "21. BitsAtCrossroads\21. BitsAtCrossroads.csproj", "{1F024106-D121-42A5-BC64-C6A7A3BDB5A2}"
EndProject
Global
	GlobalSection(SolutionConfigurationPlatforms) = preSolution
		Debug|Any CPU = Debug|Any CPU
		Release|Any CPU = Release|Any CPU
	EndGlobalSection
	GlobalSection(ProjectConfigurationPlatforms) = postSolution
		{F0EF185E-50DB-4990-A011-60C9F648B50F}.Debug|Any CPU.ActiveCfg = Debug|Any CPU
		{F0EF185E-50DB-4990-A011-60C9F648B50F}.Debug|Any CPU.Build.0 = Debug|Any CPU
		{F0EF185E-50DB-4990-A011-60C9F648B50F}.Release|Any CPU.ActiveCfg = Release|Any CPU
		{F0EF185E-50DB-4990-A011-60C9F648B50F}.Release|Any CPU.Build.0 = Release|Any CPU
		{468ACBBC-9C4E-4169-A6CD-3D828C319508}.Debug|Any CPU.ActiveCfg = Debug|Any CPU
		{468ACBBC-9C4E-4169-A6CD-3D828C319508}.Debug|Any CPU.Build.0 = Debug|Any CPU
		{468ACBBC-9C4E-4169-A6CD-3D828C319508}.Release|Any CPU.ActiveCfg = Release|Any CPU
		{468ACBBC-9C4E-4169-A6CD-3D828C319508}.Release|Any CPU.Build.0 = Release|Any CPU
		{D844AF5C-CACB-40A2-B01A-422692303A7E}.Debug|Any CPU.ActiveCfg = Debug|Any CPU
		{D844AF5C-CACB-40A2-B01A-422692303A7E}.Debug|Any CPU.Build.0 = Debug|Any CPU
		{D844AF5C-CACB-40A2-B01A-422692303A7E}.Release|Any CPU.ActiveCfg = Release|Any CPU
		{D844AF5C-CACB-40A2-B01A-422692303A7E}.Release|Any CPU.Build.0 = Release|Any CPU
		{1E5849F7-315E-4CDD-AE0E-3C86FABF0DEF}.Debug|Any CPU.ActiveCfg = Debug|Any CPU
		{1E5849F7-315E-4CDD-AE0E-3C86FABF0DEF}.Debug|Any CPU.Build.0 = Debug|Any CPU
		{1E5849F7-315E-4CDD-AE0E-3C86FABF0DEF}.Release|Any CPU.ActiveCfg = Release|Any CPU
		{1E5849F7-315E-4CDD-AE0E-3C86FABF0DEF}.Release|Any CPU.Build.0 = Release|Any CPU
		{B054030C-B483-4404-AA8A-E310BD5B947E}.Debug|Any CPU.ActiveCfg = Debug|Any CPU
		{B054030C-B483-4404-AA8A-E310BD5B947E}.Debug|Any CPU.Build.0 = Debug|Any CPU
		{B054030C-B483-4404-AA8A-E310BD5B947E}.Release|Any CPU.ActiveCfg = Release|Any CPU
		{B054030C-B483-4404-AA8A-E310BD5B947E}.Release|Any CPU.Build.0 = Release|Any CPU
		{B0CD383B-1485-4AF8-AC69-78E37115F552}.Debug|Any CPU.ActiveCfg = Debug|Any CPU
		{B0CD383B-1485-4AF8-AC69-78E37115F552}.Debug|Any CPU.Build.0 = Debug|Any CPU
		{B0CD383B-1485-4AF8-AC69-78E37115F552}.Release|Any CPU.ActiveCfg = Release|Any CPU
		{B0CD383B-1485-4AF8-AC69-78E37115F552}.Release|Any CPU.Build.0 = Release|Any CPU
		{0C4432C8-789A-49D1-9FF0-E4EBEECA71DC}.Debug|Any CPU.ActiveCfg = Debug|Any CPU
		{0C4432C8-789A-49D1-9FF0-E4EBEECA71DC}.Debug|Any CPU.Build.0 = Debug|Any CPU
		{0C4432C8-789A-49D1-9FF0-E4EBEECA71DC}.Release|Any CPU.ActiveCfg = Release|Any CPU
		{0C4432C8-789A-49D1-9FF0-E4EBEECA71DC}.Release|Any CPU.Build.0 = Release|Any CPU
		{418256EF-39AF-4391-834E-0039ED339A6C}.Debug|Any CPU.ActiveCfg = Debug|Any CPU
		{418256EF-39AF-4391-834E-0039ED339A6C}.Debug|Any CPU.Build.0 = Debug|Any CPU
		{418256EF-39AF-4391-834E-0039ED339A6C}.Release|Any CPU.ActiveCfg = Release|Any CPU
		{418256EF-39AF-4391-834E-0039ED339A6C}.Release|Any CPU.Build.0 = Release|Any CPU
		{06324008-C8EE-43C7-98AF-5D643F095060}.Debug|Any CPU.ActiveCfg = Debug|Any CPU
		{06324008-C8EE-43C7-98AF-5D643F095060}.Debug|Any CPU.Build.0 = Debug|Any CPU
		{06324008-C8EE-43C7-98AF-5D643F095060}.Release|Any CPU.ActiveCfg = Release|Any CPU
		{06324008-C8EE-43C7-98AF-5D643F095060}.Release|Any CPU.Build.0 = Release|Any CPU
		{9BAA2269-CB35-4E8A-A832-00B844673236}.Debug|Any CPU.ActiveCfg = Debug|Any CPU
		{9BAA2269-CB35-4E8A-A832-00B844673236}.Debug|Any CPU.Build.0 = Debug|Any CPU
		{9BAA2269-CB35-4E8A-A832-00B844673236}.Release|Any CPU.ActiveCfg = Release|Any CPU
		{9BAA2269-CB35-4E8A-A832-00B844673236}.Release|Any CPU.Build.0 = Release|Any CPU
		{DB46FC07-9030-48FA-8250-B899D33EFC5F}.Debug|Any CPU.ActiveCfg = Debug|Any CPU
		{DB46FC07-9030-48FA-8250-B899D33EFC5F}.Debug|Any CPU.Build.0 = Debug|Any CPU
		{DB46FC07-9030-48FA-8250-B899D33EFC5F}.Release|Any CPU.ActiveCfg = Release|Any CPU
		{DB46FC07-9030-48FA-8250-B899D33EFC5F}.Release|Any CPU.Build.0 = Release|Any CPU
		{E1797FF0-5A68-42AB-9157-1D33B0419BFC}.Debug|Any CPU.ActiveCfg = Debug|Any CPU
		{E1797FF0-5A68-42AB-9157-1D33B0419BFC}.Debug|Any CPU.Build.0 = Debug|Any CPU
		{E1797FF0-5A68-42AB-9157-1D33B0419BFC}.Release|Any CPU.ActiveCfg = Release|Any CPU
		{E1797FF0-5A68-42AB-9157-1D33B0419BFC}.Release|Any CPU.Build.0 = Release|Any CPU
		{B7EC3024-ACC1-4A6A-BC7F-92836973644E}.Debug|Any CPU.ActiveCfg = Debug|Any CPU
		{B7EC3024-ACC1-4A6A-BC7F-92836973644E}.Debug|Any CPU.Build.0 = Debug|Any CPU
		{B7EC3024-ACC1-4A6A-BC7F-92836973644E}.Release|Any CPU.ActiveCfg = Release|Any CPU
		{B7EC3024-ACC1-4A6A-BC7F-92836973644E}.Release|Any CPU.Build.0 = Release|Any CPU
		{2F6D0DA7-9CA5-454E-93B7-5E1396288934}.Debug|Any CPU.ActiveCfg = Debug|Any CPU
		{2F6D0DA7-9CA5-454E-93B7-5E1396288934}.Debug|Any CPU.Build.0 = Debug|Any CPU
		{2F6D0DA7-9CA5-454E-93B7-5E1396288934}.Release|Any CPU.ActiveCfg = Release|Any CPU
		{2F6D0DA7-9CA5-454E-93B7-5E1396288934}.Release|Any CPU.Build.0 = Release|Any CPU
		{B40887BB-F615-455C-ABBC-693AAD5B4280}.Debug|Any CPU.ActiveCfg = Debug|Any CPU
		{B40887BB-F615-455C-ABBC-693AAD5B4280}.Debug|Any CPU.Build.0 = Debug|Any CPU
		{B40887BB-F615-455C-ABBC-693AAD5B4280}.Release|Any CPU.ActiveCfg = Release|Any CPU
		{B40887BB-F615-455C-ABBC-693AAD5B4280}.Release|Any CPU.Build.0 = Release|Any CPU
		{EA40FD2B-586F-42B5-AEE1-B2BD92902C14}.Debug|Any CPU.ActiveCfg = Debug|Any CPU
		{EA40FD2B-586F-42B5-AEE1-B2BD92902C14}.Debug|Any CPU.Build.0 = Debug|Any CPU
		{EA40FD2B-586F-42B5-AEE1-B2BD92902C14}.Release|Any CPU.ActiveCfg = Release|Any CPU
		{EA40FD2B-586F-42B5-AEE1-B2BD92902C14}.Release|Any CPU.Build.0 = Release|Any CPU
		{F2608E90-4B9C-4AE2-98AA-CB7683D2EF38}.Debug|Any CPU.ActiveCfg = Debug|Any CPU
		{F2608E90-4B9C-4AE2-98AA-CB7683D2EF38}.Debug|Any CPU.Build.0 = Debug|Any CPU
		{F2608E90-4B9C-4AE2-98AA-CB7683D2EF38}.Release|Any CPU.ActiveCfg = Release|Any CPU
		{F2608E90-4B9C-4AE2-98AA-CB7683D2EF38}.Release|Any CPU.Build.0 = Release|Any CPU
		{5CE2B2E2-071F-4E99-8744-A16E55FC7508}.Debug|Any CPU.ActiveCfg = Debug|Any CPU
		{5CE2B2E2-071F-4E99-8744-A16E55FC7508}.Debug|Any CPU.Build.0 = Debug|Any CPU
		{5CE2B2E2-071F-4E99-8744-A16E55FC7508}.Release|Any CPU.ActiveCfg = Release|Any CPU
		{5CE2B2E2-071F-4E99-8744-A16E55FC7508}.Release|Any CPU.Build.0 = Release|Any CPU
		{67274AA8-8D9F-4E13-9E4B-C3A25970F38C}.Debug|Any CPU.ActiveCfg = Debug|Any CPU
		{67274AA8-8D9F-4E13-9E4B-C3A25970F38C}.Debug|Any CPU.Build.0 = Debug|Any CPU
		{67274AA8-8D9F-4E13-9E4B-C3A25970F38C}.Release|Any CPU.ActiveCfg = Release|Any CPU
		{67274AA8-8D9F-4E13-9E4B-C3A25970F38C}.Release|Any CPU.Build.0 = Release|Any CPU
		{C6FD8C72-3E3F-4B4A-885D-EB8352DCBB9C}.Debug|Any CPU.ActiveCfg = Debug|Any CPU
		{C6FD8C72-3E3F-4B4A-885D-EB8352DCBB9C}.Debug|Any CPU.Build.0 = Debug|Any CPU
		{C6FD8C72-3E3F-4B4A-885D-EB8352DCBB9C}.Release|Any CPU.ActiveCfg = Release|Any CPU
		{C6FD8C72-3E3F-4B4A-885D-EB8352DCBB9C}.Release|Any CPU.Build.0 = Release|Any CPU
		{B1A885DA-15B0-45E1-B547-5285AE25AA88}.Debug|Any CPU.ActiveCfg = Debug|Any CPU
		{B1A885DA-15B0-45E1-B547-5285AE25AA88}.Debug|Any CPU.Build.0 = Debug|Any CPU
		{B1A885DA-15B0-45E1-B547-5285AE25AA88}.Release|Any CPU.ActiveCfg = Release|Any CPU
		{B1A885DA-15B0-45E1-B547-5285AE25AA88}.Release|Any CPU.Build.0 = Release|Any CPU
		{1F024106-D121-42A5-BC64-C6A7A3BDB5A2}.Debug|Any CPU.ActiveCfg = Debug|Any CPU
		{1F024106-D121-42A5-BC64-C6A7A3BDB5A2}.Debug|Any CPU.Build.0 = Debug|Any CPU
		{1F024106-D121-42A5-BC64-C6A7A3BDB5A2}.Release|Any CPU.ActiveCfg = Release|Any CPU
		{1F024106-D121-42A5-BC64-C6A7A3BDB5A2}.Release|Any CPU.Build.0 = Release|Any CPU
	EndGlobalSection
	GlobalSection(SolutionProperties) = preSolution
		HideSolutionNode = FALSE
	EndGlobalSection
EndGlobal
