
Microsoft Visual Studio Solution File, Format Version 12.00
# Visual Studio Express 14 for Windows Desktop
VisualStudioVersion = 14.0.23107.0
MinimumVisualStudioVersion = 10.0.40219.1
Project("{FAE04EC0-301F-11D3-BF4B-00C04F79EFBC}") = "Intro-Programming-Homework", "Intro-Programming-Homework\Intro-Programming-Homework.csproj", "{7BC864BE-D5F0-4640-93D2-1926CC389F01}"
EndProject
Project("{FAE04EC0-301F-11D3-BF4B-00C04F79EFBC}") = "HelloCSharp", "HelloCSharp\HelloCSharp.csproj", "{5B1DA632-F2EA-41AF-A5E9-D491706C1D66}"
EndProject
Project("{FAE04EC0-301F-11D3-BF4B-00C04F79EFBC}") = "PrintName", "PrintName\PrintName.csproj", "{9934DCD8-FC38-4FED-AEE0-B2E83355F638}"
EndProject
Project("{FAE04EC0-301F-11D3-BF4B-00C04F79EFBC}") = "PrintNumbers", "PrintNumbers\PrintNumbers.csproj", "{249A6025-12E9-4A34-8227-90E47E6D3AB1}"
EndProject
Project("{FAE04EC0-301F-11D3-BF4B-00C04F79EFBC}") = "PrintWholeName", "PrintEntireName\PrintWholeName.csproj", "{BB378D8C-B230-4793-B477-4D6297A67974}"
EndProject
Project("{FAE04EC0-301F-11D3-BF4B-00C04F79EFBC}") = "CalculateSQRT", "CalculateSQRT\CalculateSQRT.csproj", "{49F972AE-103A-402A-B6C1-3AF34655FE8A}"
EndProject
Project("{FAE04EC0-301F-11D3-BF4B-00C04F79EFBC}") = "PrintNumberSequence", "PrintNumberSequence\PrintNumberSequence.csproj", "{E31964A3-3044-4ED8-AD8B-4367158C068E}"
EndProject
Project("{FAE04EC0-301F-11D3-BF4B-00C04F79EFBC}") = "ReformatCode", "ReformatCode\ReformatCode.csproj", "{CBC29F36-EB8B-47DA-8CAE-4FFC89B66760}"
EndProject
Project("{FAE04EC0-301F-11D3-BF4B-00C04F79EFBC}") = "PrintDateAndTime", "PrintDateAndTime\PrintDateAndTime.csproj", "{E29217B9-8504-49D2-8AF3-A12782109DA4}"
EndProject
Project("{FAE04EC0-301F-11D3-BF4B-00C04F79EFBC}") = "CalculateFutureAge", "CalculateFutureAge\CalculateFutureAge.csproj", "{2A10EECB-F220-410C-9DB5-8AE7DB06818E}"
EndProject
Project("{FAE04EC0-301F-11D3-BF4B-00C04F79EFBC}") = "PrintLongSequence", "PrintLongSequence\PrintLongSequence.csproj", "{04D0854E-FA84-408D-B28D-FF21048A1667}"
EndProject
Global
	GlobalSection(SolutionConfigurationPlatforms) = preSolution
		Debug|Any CPU = Debug|Any CPU
		Release|Any CPU = Release|Any CPU
	EndGlobalSection
	GlobalSection(ProjectConfigurationPlatforms) = postSolution
		{7BC864BE-D5F0-4640-93D2-1926CC389F01}.Debug|Any CPU.ActiveCfg = Debug|Any CPU
		{7BC864BE-D5F0-4640-93D2-1926CC389F01}.Debug|Any CPU.Build.0 = Debug|Any CPU
		{7BC864BE-D5F0-4640-93D2-1926CC389F01}.Release|Any CPU.ActiveCfg = Release|Any CPU
		{7BC864BE-D5F0-4640-93D2-1926CC389F01}.Release|Any CPU.Build.0 = Release|Any CPU
		{5B1DA632-F2EA-41AF-A5E9-D491706C1D66}.Debug|Any CPU.ActiveCfg = Debug|Any CPU
		{5B1DA632-F2EA-41AF-A5E9-D491706C1D66}.Debug|Any CPU.Build.0 = Debug|Any CPU
		{5B1DA632-F2EA-41AF-A5E9-D491706C1D66}.Release|Any CPU.ActiveCfg = Release|Any CPU
		{5B1DA632-F2EA-41AF-A5E9-D491706C1D66}.Release|Any CPU.Build.0 = Release|Any CPU
		{9934DCD8-FC38-4FED-AEE0-B2E83355F638}.Debug|Any CPU.ActiveCfg = Debug|Any CPU
		{9934DCD8-FC38-4FED-AEE0-B2E83355F638}.Debug|Any CPU.Build.0 = Debug|Any CPU
		{9934DCD8-FC38-4FED-AEE0-B2E83355F638}.Release|Any CPU.ActiveCfg = Release|Any CPU
		{9934DCD8-FC38-4FED-AEE0-B2E83355F638}.Release|Any CPU.Build.0 = Release|Any CPU
		{249A6025-12E9-4A34-8227-90E47E6D3AB1}.Debug|Any CPU.ActiveCfg = Debug|Any CPU
		{249A6025-12E9-4A34-8227-90E47E6D3AB1}.Debug|Any CPU.Build.0 = Debug|Any CPU
		{249A6025-12E9-4A34-8227-90E47E6D3AB1}.Release|Any CPU.ActiveCfg = Release|Any CPU
		{249A6025-12E9-4A34-8227-90E47E6D3AB1}.Release|Any CPU.Build.0 = Release|Any CPU
		{BB378D8C-B230-4793-B477-4D6297A67974}.Debug|Any CPU.ActiveCfg = Debug|Any CPU
		{BB378D8C-B230-4793-B477-4D6297A67974}.Debug|Any CPU.Build.0 = Debug|Any CPU
		{BB378D8C-B230-4793-B477-4D6297A67974}.Release|Any CPU.ActiveCfg = Release|Any CPU
		{BB378D8C-B230-4793-B477-4D6297A67974}.Release|Any CPU.Build.0 = Release|Any CPU
		{49F972AE-103A-402A-B6C1-3AF34655FE8A}.Debug|Any CPU.ActiveCfg = Debug|Any CPU
		{49F972AE-103A-402A-B6C1-3AF34655FE8A}.Debug|Any CPU.Build.0 = Debug|Any CPU
		{49F972AE-103A-402A-B6C1-3AF34655FE8A}.Release|Any CPU.ActiveCfg = Release|Any CPU
		{49F972AE-103A-402A-B6C1-3AF34655FE8A}.Release|Any CPU.Build.0 = Release|Any CPU
		{E31964A3-3044-4ED8-AD8B-4367158C068E}.Debug|Any CPU.ActiveCfg = Debug|Any CPU
		{E31964A3-3044-4ED8-AD8B-4367158C068E}.Debug|Any CPU.Build.0 = Debug|Any CPU
		{E31964A3-3044-4ED8-AD8B-4367158C068E}.Release|Any CPU.ActiveCfg = Release|Any CPU
		{E31964A3-3044-4ED8-AD8B-4367158C068E}.Release|Any CPU.Build.0 = Release|Any CPU
		{CBC29F36-EB8B-47DA-8CAE-4FFC89B66760}.Debug|Any CPU.ActiveCfg = Debug|Any CPU
		{CBC29F36-EB8B-47DA-8CAE-4FFC89B66760}.Debug|Any CPU.Build.0 = Debug|Any CPU
		{CBC29F36-EB8B-47DA-8CAE-4FFC89B66760}.Release|Any CPU.ActiveCfg = Release|Any CPU
		{CBC29F36-EB8B-47DA-8CAE-4FFC89B66760}.Release|Any CPU.Build.0 = Release|Any CPU
		{E29217B9-8504-49D2-8AF3-A12782109DA4}.Debug|Any CPU.ActiveCfg = Debug|Any CPU
		{E29217B9-8504-49D2-8AF3-A12782109DA4}.Debug|Any CPU.Build.0 = Debug|Any CPU
		{E29217B9-8504-49D2-8AF3-A12782109DA4}.Release|Any CPU.ActiveCfg = Release|Any CPU
		{E29217B9-8504-49D2-8AF3-A12782109DA4}.Release|Any CPU.Build.0 = Release|Any CPU
		{2A10EECB-F220-410C-9DB5-8AE7DB06818E}.Debug|Any CPU.ActiveCfg = Debug|Any CPU
		{2A10EECB-F220-410C-9DB5-8AE7DB06818E}.Debug|Any CPU.Build.0 = Debug|Any CPU
		{2A10EECB-F220-410C-9DB5-8AE7DB06818E}.Release|Any CPU.ActiveCfg = Release|Any CPU
		{2A10EECB-F220-410C-9DB5-8AE7DB06818E}.Release|Any CPU.Build.0 = Release|Any CPU
		{04D0854E-FA84-408D-B28D-FF21048A1667}.Debug|Any CPU.ActiveCfg = Debug|Any CPU
		{04D0854E-FA84-408D-B28D-FF21048A1667}.Debug|Any CPU.Build.0 = Debug|Any CPU
		{04D0854E-FA84-408D-B28D-FF21048A1667}.Release|Any CPU.ActiveCfg = Release|Any CPU
		{04D0854E-FA84-408D-B28D-FF21048A1667}.Release|Any CPU.Build.0 = Release|Any CPU
	EndGlobalSection
	GlobalSection(SolutionProperties) = preSolution
		HideSolutionNode = FALSE
	EndGlobalSection
EndGlobal
