Microsoft Visual Studio Solution File, Format Version 11.00
# Visual Studio 2008

Project("{6120AE5A-3B21-F52D-99BC-28D35426B84A}") = "Unity 2D, Physics and Particles", "Assembly-CSharp.csproj", "{1ECC83AE-F6A7-A5A3-15F8-AAD460AD39F3}"
EndProject
Global
	GlobalSection(SolutionConfigurationPlatforms) = preSolution
		Debug|Any CPU = Debug|Any CPU
		Release|Any CPU = Release|Any CPU
	EndGlobalSection
	GlobalSection(ProjectConfigurationPlatforms) = postSolution
		{1ECC83AE-F6A7-A5A3-15F8-AAD460AD39F3}.Debug|Any CPU.ActiveCfg = Debug|Any CPU
		{1ECC83AE-F6A7-A5A3-15F8-AAD460AD39F3}.Debug|Any CPU.Build.0 = Debug|Any CPU
		{1ECC83AE-F6A7-A5A3-15F8-AAD460AD39F3}.Release|Any CPU.ActiveCfg = Release|Any CPU
		{1ECC83AE-F6A7-A5A3-15F8-AAD460AD39F3}.Release|Any CPU.Build.0 = Release|Any CPU
	EndGlobalSection
	GlobalSection(SolutionProperties) = preSolution
		HideSolutionNode = FALSE
	EndGlobalSection
	GlobalSection(MonoDevelopProperties) = preSolution
		StartupItem = Assembly-CSharp.csproj
	EndGlobalSection
EndGlobal
